
Microsoft Visual Studio Solution File, Format Version 12.00
# Visual Studio Version 16
VisualStudioVersion = 16.0.29709.97
MinimumVisualStudioVersion = 10.0.40219.1
Project("{FAE04EC0-301F-11D3-BF4B-00C04F79EFBC}") = "Divayo.Localization.Data", "Divayo.Localization.Data\Divayo.Localization.Data.csproj", "{F806AED5-9228-4059-9827-65EBE44EB3AA}"
EndProject
Project("{FAE04EC0-301F-11D3-BF4B-00C04F79EFBC}") = "Divayo.Localization.Enums", "Divayo.Localization.Enums\Divayo.Localization.Enums.csproj", "{ED6A1C25-E8A4-46DF-A272-9D8DF1401FC4}"
EndProject
Global
	GlobalSection(SolutionConfigurationPlatforms) = preSolution
		Debug|Any CPU = Debug|Any CPU
		Release|Any CPU = Release|Any CPU
	EndGlobalSection
	GlobalSection(ProjectConfigurationPlatforms) = postSolution
		{F806AED5-9228-4059-9827-65EBE44EB3AA}.Debug|Any CPU.ActiveCfg = Debug|Any CPU
		{F806AED5-9228-4059-9827-65EBE44EB3AA}.Debug|Any CPU.Build.0 = Debug|Any CPU
		{F806AED5-9228-4059-9827-65EBE44EB3AA}.Release|Any CPU.ActiveCfg = Release|Any CPU
		{F806AED5-9228-4059-9827-65EBE44EB3AA}.Release|Any CPU.Build.0 = Release|Any CPU
		{ED6A1C25-E8A4-46DF-A272-9D8DF1401FC4}.Debug|Any CPU.ActiveCfg = Debug|Any CPU
		{ED6A1C25-E8A4-46DF-A272-9D8DF1401FC4}.Debug|Any CPU.Build.0 = Debug|Any CPU
		{ED6A1C25-E8A4-46DF-A272-9D8DF1401FC4}.Release|Any CPU.ActiveCfg = Release|Any CPU
		{ED6A1C25-E8A4-46DF-A272-9D8DF1401FC4}.Release|Any CPU.Build.0 = Release|Any CPU
	EndGlobalSection
	GlobalSection(SolutionProperties) = preSolution
		HideSolutionNode = FALSE
	EndGlobalSection
	GlobalSection(ExtensibilityGlobals) = postSolution
		SolutionGuid = {2936A913-AC42-4006-B8DB-6CEC4CB9BFA5}
	EndGlobalSection
EndGlobal
